
Microsoft Visual Studio Solution File, Format Version 12.00
# Visual Studio 15
VisualStudioVersion = 15.0.28307.106
MinimumVisualStudioVersion = 10.0.40219.1
Project("{F184B08F-C81C-45F6-A57F-5ABD9991F28F}") = "SeleniumDemo", "SeleniumDemo\SeleniumDemo.vbproj", "{9D6FB6B0-B0C2-4547-8986-EED9ED8ECA7F}"
EndProject
Global
	GlobalSection(SolutionConfigurationPlatforms) = preSolution
		Debug|Any CPU = Debug|Any CPU
		Release|Any CPU = Release|Any CPU
	EndGlobalSection
	GlobalSection(ProjectConfigurationPlatforms) = postSolution
		{9D6FB6B0-B0C2-4547-8986-EED9ED8ECA7F}.Debug|Any CPU.ActiveCfg = Debug|Any CPU
		{9D6FB6B0-B0C2-4547-8986-EED9ED8ECA7F}.Debug|Any CPU.Build.0 = Debug|Any CPU
		{9D6FB6B0-B0C2-4547-8986-EED9ED8ECA7F}.Release|Any CPU.ActiveCfg = Release|Any CPU
		{9D6FB6B0-B0C2-4547-8986-EED9ED8ECA7F}.Release|Any CPU.Build.0 = Release|Any CPU
	EndGlobalSection
	GlobalSection(SolutionProperties) = preSolution
		HideSolutionNode = FALSE
	EndGlobalSection
	GlobalSection(ExtensibilityGlobals) = postSolution
		SolutionGuid = {529A72E1-C7E1-4042-80CB-9151CEA852E8}
	EndGlobalSection
EndGlobal
